<?xml version="1.0" encoding="UTF-8" standalone="yes" ?>
<CodeBlocks_project_file>
	<FileVersion major="1" minor="6" />
	<Project>
		<Option title="5StoneAITest" />
		<Option pch_mode="2" />
		<Option compiler="gcc" />
		<Build>
			<Target title="Debug">
				<Option output="bin/Debug/5StoneAITest" prefix_auto="1" extension_auto="1" />
				<Option object_output="obj/Debug/" />
				<Option type="1" />
				<Option compiler="gcc" />
				<Compiler>
					<Add option="-g" />
				</Compiler>
			</Target>
			<Target title="Release">
				<Option output="bin/Release/5StoneAITest" prefix_auto="1" extension_auto="1" />
				<Option object_output="obj/Release/" />
				<Option type="1" />
				<Option compiler="gcc" />
				<Compiler>
					<Add option="-O2" />
				</Compiler>
				<Linker>
					<Add option="-s" />
				</Linker>
			</Target>
		</Build>
		<Compiler>
			<Add option="-Wall" />
			<Add option="-fexceptions" />
		</Compiler>
		<Unit filename="AIPlayer1.cpp" />
		<Unit filename="AIPlayer1.h" />
		<Unit filename="AIPlayer2.cpp" />
		<Unit filename="AIPlayer2.h" />
		<Unit filename="AIPlayer3.cpp" />
		<Unit filename="AIPlayer3.h" />
		<Unit filename="AIPlayer4.cpp" />
		<Unit filename="AIPlayer4.h" />
		<Unit filename="AIPlayer5.cpp" />
		<Unit filename="AIPlayer5.h" />
		<Unit filename="ChessBoard.cpp" />
		<Unit filename="ChessBoard.h" />
		<Unit filename="GameController.cpp" />
		<Unit filename="GameController.h" />
		<Unit filename="Player.cpp" />
		<Unit filename="Player.h" />
		<Unit filename="Point.cpp" />
		<Unit filename="Point.h" />
		<Unit filename="StartInterface.cpp" />
		<Unit filename="StartInterface.h" />
		<Unit filename="Tools.cpp" />
		<Unit filename="Tools.h" />
		<Unit filename="Zobrist.cpp" />
		<Unit filename="Zobrist.h" />
		<Unit filename="main.cpp" />
		<Extensions>
			<code_completion />
			<envvars />
			<debugger />
			<lib_finder disable_auto="1" />
		</Extensions>
	</Project>
</CodeBlocks_project_file>
